{
  "version": 4,
  "terraform_version": "1.8.1",
  "serial": 118,
  "lineage": "ec1c4914-3e00-4fa6-9046-c1311d95f518",
  "outputs": {
    "taskcommand": {
      "value": "aws rds start-export-task --export-task-identifier -s3-export --source-arn  --s3-bucket-name dbs3export --iam-role-arn arn:aws:iam::253021683072:role/iamroles3bck --kms-key-id arn:aws:kms:us-east-1:253021683072:key/8430d0fb-0d96-4cc7-976b-7c479a556cb9",
      "type": "string"
    }
  },
  "resources": [
    {
      "mode": "data",
      "type": "aws_iam_policy_document",
      "name": "iampolicydocument",
      "provider": "provider[\"registry.terraform.io/hashicorp/aws\"]",
      "instances": [
        {
          "schema_version": 0,
          "attributes": {
            "id": "1998064116",
            "json": "{\n  \"Version\": \"2012-10-17\",\n  \"Statement\": [\n    {\n      \"Sid\": \"ExportPolicy\",\n      \"Effect\": \"Allow\",\n      \"Action\": [\n        \"s3:PutObject*\",\n        \"s3:ListBucket\",\n        \"s3:GetObject*\",\n        \"s3:GetBucketLocation\",\n        \"s3:DeleteObject\"\n      ],\n      \"Resource\": [\n        \"arn:aws:s3:::dbs3export/*\",\n        \"arn:aws:s3:::dbs3export\"\n      ]\n    }\n  ]\n}",
            "override_policy_documents": null,
            "policy_id": null,
            "source_policy_documents": null,
            "statement": [
              {
                "actions": [
                  "s3:DeleteObject",
                  "s3:GetBucketLocation",
                  "s3:GetObject*",
                  "s3:ListBucket",
                  "s3:PutObject*"
                ],
                "condition": [],
                "effect": "Allow",
                "not_actions": [],
                "not_principals": [],
                "not_resources": [],
                "principals": [],
                "resources": [
                  "arn:aws:s3:::dbs3export",
                  "arn:aws:s3:::dbs3export/*"
                ],
                "sid": "ExportPolicy"
              }
            ],
            "version": "2012-10-17"
          },
          "sensitive_attributes": []
        }
      ]
    },
    {
      "mode": "managed",
      "type": "aws_iam_policy",
      "name": "iampolicy",
      "provider": "provider[\"registry.terraform.io/hashicorp/aws\"]",
      "instances": [
        {
          "schema_version": 0,
          "attributes": {
            "arn": "arn:aws:iam::253021683072:policy/iampolicys3bck",
            "description": "",
            "id": "arn:aws:iam::253021683072:policy/iampolicys3bck",
            "name": "iampolicys3bck",
            "name_prefix": "",
            "path": "/",
            "policy": "{\"Statement\":[{\"Action\":[\"s3:PutObject*\",\"s3:ListBucket\",\"s3:GetObject*\",\"s3:GetBucketLocation\",\"s3:DeleteObject\"],\"Effect\":\"Allow\",\"Resource\":[\"arn:aws:s3:::dbs3export/*\",\"arn:aws:s3:::dbs3export\"],\"Sid\":\"ExportPolicy\"}],\"Version\":\"2012-10-17\"}",
            "policy_id": "ANPATV2KEPWAIGWEETD2A",
            "tags": {},
            "tags_all": {
              "proyecto": "remove-01"
            }
          },
          "sensitive_attributes": [],
          "private": "bnVsbA==",
          "dependencies": [
            "aws_s3_bucket.s3bck",
            "data.aws_iam_policy_document.iampolicydocument"
          ]
        }
      ]
    },
    {
      "mode": "managed",
      "type": "aws_iam_role",
      "name": "iamrole",
      "provider": "provider[\"registry.terraform.io/hashicorp/aws\"]",
      "instances": [
        {
          "schema_version": 0,
          "attributes": {
            "arn": "arn:aws:iam::253021683072:role/iamroles3bck",
            "assume_role_policy": "{\"Statement\":[{\"Action\":\"sts:AssumeRole\",\"Effect\":\"Allow\",\"Principal\":{\"Service\":\"export.rds.amazonaws.com\"},\"Sid\":\"\"},{\"Action\":\"sts:AssumeRole\",\"Effect\":\"Allow\",\"Principal\":{\"Service\":\"glue.amazonaws.com\"},\"Sid\":\"\"}],\"Version\":\"2012-10-17\"}",
            "create_date": "2024-04-17T21:12:33Z",
            "description": "",
            "force_detach_policies": false,
            "id": "iamroles3bck",
            "inline_policy": [],
            "managed_policy_arns": [
              "arn:aws:iam::253021683072:policy/iampolicys3bck"
            ],
            "max_session_duration": 3600,
            "name": "iamroles3bck",
            "name_prefix": "",
            "path": "/",
            "permissions_boundary": null,
            "tags": {},
            "tags_all": {
              "proyecto": "remove-01"
            },
            "unique_id": "AROATV2KEPWAD5WG6J53D"
          },
          "sensitive_attributes": [],
          "private": "bnVsbA=="
        }
      ]
    },
    {
      "mode": "managed",
      "type": "aws_iam_role_policy_attachment",
      "name": "iamrolepolicyattachment",
      "provider": "provider[\"registry.terraform.io/hashicorp/aws\"]",
      "instances": [
        {
          "schema_version": 0,
          "attributes": {
            "id": "iamroles3bck-20240417211254883700000001",
            "policy_arn": "arn:aws:iam::253021683072:policy/iampolicys3bck",
            "role": "iamroles3bck"
          },
          "sensitive_attributes": [],
          "private": "bnVsbA==",
          "dependencies": [
            "aws_iam_policy.iampolicy",
            "aws_iam_role.iamrole",
            "aws_s3_bucket.s3bck",
            "data.aws_iam_policy_document.iampolicydocument"
          ]
        }
      ]
    },
    {
      "mode": "managed",
      "type": "aws_kms_key",
      "name": "kmskey",
      "provider": "provider[\"registry.terraform.io/hashicorp/aws\"]",
      "instances": [
        {
          "schema_version": 0,
          "attributes": {
            "arn": "arn:aws:kms:us-east-1:253021683072:key/8430d0fb-0d96-4cc7-976b-7c479a556cb9",
            "bypass_policy_lockout_safety_check": false,
            "custom_key_store_id": "",
            "customer_master_key_spec": "SYMMETRIC_DEFAULT",
            "deletion_window_in_days": 10,
            "description": "",
            "enable_key_rotation": false,
            "id": "8430d0fb-0d96-4cc7-976b-7c479a556cb9",
            "is_enabled": true,
            "key_id": "8430d0fb-0d96-4cc7-976b-7c479a556cb9",
            "key_usage": "ENCRYPT_DECRYPT",
            "multi_region": false,
            "policy": "{\"Id\":\"key-default-1\",\"Statement\":[{\"Action\":\"kms:*\",\"Effect\":\"Allow\",\"Principal\":{\"AWS\":\"arn:aws:iam::253021683072:root\"},\"Resource\":\"*\",\"Sid\":\"Enable IAM User Permissions\"}],\"Version\":\"2012-10-17\"}",
            "tags": {},
            "tags_all": {
              "proyecto": "remove-01"
            }
          },
          "sensitive_attributes": [],
          "private": "bnVsbA=="
        }
      ]
    },
    {
      "mode": "managed",
      "type": "aws_s3_bucket",
      "name": "s3bck",
      "provider": "provider[\"registry.terraform.io/hashicorp/aws\"]",
      "instances": [
        {
          "schema_version": 0,
          "attributes": {
            "acceleration_status": "",
            "acl": null,
            "arn": "arn:aws:s3:::dbs3export",
            "bucket": "dbs3export",
            "bucket_domain_name": "dbs3export.s3.amazonaws.com",
            "bucket_prefix": "",
            "bucket_regional_domain_name": "dbs3export.s3.us-east-1.amazonaws.com",
            "cors_rule": [],
            "force_destroy": true,
            "grant": [
              {
                "id": "540b27dbd92268addff5af93477333a3ddb4f5a0e51be4eab296c369575f0b11",
                "permissions": [
                  "FULL_CONTROL"
                ],
                "type": "CanonicalUser",
                "uri": ""
              }
            ],
            "hosted_zone_id": "Z3AQBSTGFYJSTF",
            "id": "dbs3export",
            "lifecycle_rule": [],
            "logging": [],
            "object_lock_configuration": [],
            "object_lock_enabled": false,
            "policy": "",
            "region": "us-east-1",
            "replication_configuration": [],
            "request_payer": "BucketOwner",
            "server_side_encryption_configuration": [
              {
                "rule": [
                  {
                    "apply_server_side_encryption_by_default": [
                      {
                        "kms_master_key_id": "",
                        "sse_algorithm": "AES256"
                      }
                    ],
                    "bucket_key_enabled": false
                  }
                ]
              }
            ],
            "tags": {},
            "tags_all": {
              "proyecto": "remove-01"
            },
            "timeouts": null,
            "versioning": [
              {
                "enabled": false,
                "mfa_delete": false
              }
            ],
            "website": [],
            "website_domain": null,
            "website_endpoint": null
          },
          "sensitive_attributes": [],
          "private": "eyJlMmJmYjczMC1lY2FhLTExZTYtOGY4OC0zNDM2M2JjN2M0YzAiOnsiY3JlYXRlIjoxMjAwMDAwMDAwMDAwLCJkZWxldGUiOjM2MDAwMDAwMDAwMDAsInJlYWQiOjEyMDAwMDAwMDAwMDAsInVwZGF0ZSI6MTIwMDAwMDAwMDAwMH19"
        }
      ]
    }
  ],
  "check_results": null
}
